// !$*UTF8*$!
{
	archiveVersion = 1;
	classes = {
	};
	objectVersion = 50;
	objects = {

/* Begin PBXBuildFile section */
		3F1869B62215DD3F00467DA2 /* AppDelegate.swift in Sources */ = {isa = PBXBuildFile; fileRef = 3F1869B52215DD3F00467DA2 /* AppDelegate.swift */; };
		3F1869B82215DD3F00467DA2 /* ViewController.swift in Sources */ = {isa = PBXBuildFile; fileRef = 3F1869B72215DD3F00467DA2 /* ViewController.swift */; };
		3F1869BB2215DD3F00467DA2 /* Main.storyboard in Resources */ = {isa = PBXBuildFile; fileRef = 3F1869B92215DD3F00467DA2 /* Main.storyboard */; };
		3F1869BD2215DD4100467DA2 /* Assets.xcassets in Resources */ = {isa = PBXBuildFile; fileRef = 3F1869BC2215DD4100467DA2 /* Assets.xcassets */; };
		3F1869C02215DD4100467DA2 /* LaunchScreen.storyboard in Resources */ = {isa = PBXBuildFile; fileRef = 3F1869BE2215DD4100467DA2 /* LaunchScreen.storyboard */; };
		3F1869CB2215DD4100467DA2 /* The_ArithMETic_AppTests.swift in Sources */ = {isa = PBXBuildFile; fileRef = 3F1869CA2215DD4100467DA2 /* The_ArithMETic_AppTests.swift */; };
		3F1869D62215DD4100467DA2 /* The_ArithMETic_AppUITests.swift in Sources */ = {isa = PBXBuildFile; fileRef = 3F1869D52215DD4100467DA2 /* The_ArithMETic_AppUITests.swift */; };
/* End PBXBuildFile section */

/* Begin PBXContainerItemProxy section */
		3F1869C72215DD4100467DA2 /* PBXContainerItemProxy */ = {
			isa = PBXContainerItemProxy;
			containerPortal = 3F1869AA2215DD3F00467DA2 /* Project object */;
			proxyType = 1;
			remoteGlobalIDString = 3F1869B12215DD3F00467DA2;
			remoteInfo = "The ArithMETic App";
		};
		3F1869D22215DD4100467DA2 /* PBXContainerItemProxy */ = {
			isa = PBXContainerItemProxy;
			containerPortal = 3F1869AA2215DD3F00467DA2 /* Project object */;
			proxyType = 1;
			remoteGlobalIDString = 3F1869B12215DD3F00467DA2;
			remoteInfo = "The ArithMETic App";
		};
/* End PBXContainerItemProxy section */

/* Begin PBXFileReference section */
		3F1869B22215DD3F00467DA2 /* The ArithMETic App.app */ = {isa = PBXFileReference; explicitFileType = wrapper.application; includeInIndex = 0; path = "The ArithMETic App.app"; sourceTree = BUILT_PRODUCTS_DIR; };
		3F1869B52215DD3F00467DA2 /* AppDelegate.swift */ = {isa = PBXFileReference; lastKnownFileType = sourcecode.swift; path = AppDelegate.swift; sourceTree = "<group>"; };
		3F1869B72215DD3F00467DA2 /* ViewController.swift */ = {isa = PBXFileReference; lastKnownFileType = sourcecode.swift; path = ViewController.swift; sourceTree = "<group>"; };
		3F1869BA2215DD3F00467DA2 /* Base */ = {isa = PBXFileReference; lastKnownFileType = file.storyboard; name = Base; path = Base.lproj/Main.storyboard; sourceTree = "<group>"; };
		3F1869BC2215DD4100467DA2 /* Assets.xcassets */ = {isa = PBXFileReference; lastKnownFileType = folder.assetcatalog; path = Assets.xcassets; sourceTree = "<group>"; };
		3F1869BF2215DD4100467DA2 /* Base */ = {isa = PBXFileReference; lastKnownFileType = file.storyboard; name = Base; path = Base.lproj/LaunchScreen.storyboard; sourceTree = "<group>"; };
		3F1869C12215DD4100467DA2 /* Info.plist */ = {isa = PBXFileReference; lastKnownFileType = text.plist.xml; path = Info.plist; sourceTree = "<group>"; };
		3F1869C62215DD4100467DA2 /* The ArithMETic AppTests.xctest */ = {isa = PBXFileReference; explicitFileType = wrapper.cfbundle; includeInIndex = 0; path = "The ArithMETic AppTests.xctest"; sourceTree = BUILT_PRODUCTS_DIR; };
		3F1869CA2215DD4100467DA2 /* The_ArithMETic_AppTests.swift */ = {isa = PBXFileReference; lastKnownFileType = sourcecode.swift; path = The_ArithMETic_AppTests.swift; sourceTree = "<group>"; };
		3F1869CC2215DD4100467DA2 /* Info.plist */ = {isa = PBXFileReference; lastKnownFileType = text.plist.xml; path = Info.plist; sourceTree = "<group>"; };
		3F1869D12215DD4100467DA2 /* The ArithMETic AppUITests.xctest */ = {isa = PBXFileReference; explicitFileType = wrapper.cfbundle; includeInIndex = 0; path = "The ArithMETic AppUITests.xctest"; sourceTree = BUILT_PRODUCTS_DIR; };
		3F1869D52215DD4100467DA2 /* The_ArithMETic_AppUITests.swift */ = {isa = PBXFileReference; lastKnownFileType = sourcecode.swift; path = The_ArithMETic_AppUITests.swift; sourceTree = "<group>"; };
		3F1869D72215DD4100467DA2 /* Info.plist */ = {isa = PBXFileReference; lastKnownFileType = text.plist.xml; path = Info.plist; sourceTree = "<group>"; };
/* End PBXFileReference section */

/* Begin PBXFrameworksBuildPhase section */
		3F1869AF2215DD3F00467DA2 /* Frameworks */ = {
			isa = PBXFrameworksBuildPhase;
			buildActionMask = 2147483647;
			files = (
			);
			runOnlyForDeploymentPostprocessing = 0;
		};
		3F1869C32215DD4100467DA2 /* Frameworks */ = {
			isa = PBXFrameworksBuildPhase;
			buildActionMask = 2147483647;
			files = (
			);
			runOnlyForDeploymentPostprocessing = 0;
		};
		3F1869CE2215DD4100467DA2 /* Frameworks */ = {
			isa = PBXFrameworksBuildPhase;
			buildActionMask = 2147483647;
			files = (
			);
			runOnlyForDeploymentPostprocessing = 0;
		};
/* End PBXFrameworksBuildPhase section */

/* Begin PBXGroup section */
		3F1869A92215DD3F00467DA2 = {
			isa = PBXGroup;
			children = (
				3F1869B42215DD3F00467DA2 /* The ArithMETic App */,
				3F1869C92215DD4100467DA2 /* The ArithMETic AppTests */,
				3F1869D42215DD4100467DA2 /* The ArithMETic AppUITests */,
				3F1869B32215DD3F00467DA2 /* Products */,
			);
			sourceTree = "<group>";
		};
		3F1869B32215DD3F00467DA2 /* Products */ = {
			isa = PBXGroup;
			children = (
				3F1869B22215DD3F00467DA2 /* The ArithMETic App.app */,
				3F1869C62215DD4100467DA2 /* The ArithMETic AppTests.xctest */,
				3F1869D12215DD4100467DA2 /* The ArithMETic AppUITests.xctest */,
			);
			name = Products;
			sourceTree = "<group>";
		};
		3F1869B42215DD3F00467DA2 /* The ArithMETic App */ = {
			isa = PBXGroup;
			children = (
				3F1869B52215DD3F00467DA2 /* AppDelegate.swift */,
				3F1869B72215DD3F00467DA2 /* ViewController.swift */,
				3F1869B92215DD3F00467DA2 /* Main.storyboard */,
				3F1869BC2215DD4100467DA2 /* Assets.xcassets */,
				3F1869BE2215DD4100467DA2 /* LaunchScreen.storyboard */,
				3F1869C12215DD4100467DA2 /* Info.plist */,
			);
			path = "The ArithMETic App";
			sourceTree = "<group>";
		};
		3F1869C92215DD4100467DA2 /* The ArithMETic AppTests */ = {
			isa = PBXGroup;
			children = (
				3F1869CA2215DD4100467DA2 /* The_ArithMETic_AppTests.swift */,
				3F1869CC2215DD4100467DA2 /* Info.plist */,
			);
			path = "The ArithMETic AppTests";
			sourceTree = "<group>";
		};
		3F1869D42215DD4100467DA2 /* The ArithMETic AppUITests */ = {
			isa = PBXGroup;
			children = (
				3F1869D52215DD4100467DA2 /* The_ArithMETic_AppUITests.swift */,
				3F1869D72215DD4100467DA2 /* Info.plist */,
			);
			path = "The ArithMETic AppUITests";
			sourceTree = "<group>";
		};
/* End PBXGroup section */

/* Begin PBXNativeTarget section */
		3F1869B12215DD3F00467DA2 /* The ArithMETic App */ = {
			isa = PBXNativeTarget;
			buildConfigurationList = 3F1869DA2215DD4100467DA2 /* Build configuration list for PBXNativeTarget "The ArithMETic App" */;
			buildPhases = (
				3F1869AE2215DD3F00467DA2 /* Sources */,
				3F1869AF2215DD3F00467DA2 /* Frameworks */,
				3F1869B02215DD3F00467DA2 /* Resources */,
			);
			buildRules = (
			);
			dependencies = (
			);
			name = "The ArithMETic App";
			productName = "The ArithMETic App";
			productReference = 3F1869B22215DD3F00467DA2 /* The ArithMETic App.app */;
			productType = "com.apple.product-type.application";
		};
		3F1869C52215DD4100467DA2 /* The ArithMETic AppTests */ = {
			isa = PBXNativeTarget;
			buildConfigurationList = 3F1869DD2215DD4100467DA2 /* Build configuration list for PBXNativeTarget "The ArithMETic AppTests" */;
			buildPhases = (
				3F1869C22215DD4100467DA2 /* Sources */,
				3F1869C32215DD4100467DA2 /* Frameworks */,
				3F1869C42215DD4100467DA2 /* Resources */,
			);
			buildRules = (
			);
			dependencies = (
				3F1869C82215DD4100467DA2 /* PBXTargetDependency */,
			);
			name = "The ArithMETic AppTests";
			productName = "The ArithMETic AppTests";
			productReference = 3F1869C62215DD4100467DA2 /* The ArithMETic AppTests.xctest */;
			productType = "com.apple.product-type.bundle.unit-test";
		};
		3F1869D02215DD4100467DA2 /* The ArithMETic AppUITests */ = {
			isa = PBXNativeTarget;
			buildConfigurationList = 3F1869E02215DD4100467DA2 /* Build configuration list for PBXNativeTarget "The ArithMETic AppUITests" */;
			buildPhases = (
				3F1869CD2215DD4100467DA2 /* Sources */,
				3F1869CE2215DD4100467DA2 /* Frameworks */,
				3F1869CF2215DD4100467DA2 /* Resources */,
			);
			buildRules = (
			);
			dependencies = (
				3F1869D32215DD4100467DA2 /* PBXTargetDependency */,
			);
			name = "The ArithMETic AppUITests";
			productName = "The ArithMETic AppUITests";
			productReference = 3F1869D12215DD4100467DA2 /* The ArithMETic AppUITests.xctest */;
			productType = "com.apple.product-type.bundle.ui-testing";
		};
/* End PBXNativeTarget section */

/* Begin PBXProject section */
		3F1869AA2215DD3F00467DA2 /* Project object */ = {
			isa = PBXProject;
			attributes = {
				LastSwiftUpdateCheck = 1000;
				LastUpgradeCheck = 1000;
				ORGANIZATIONNAME = student;
				TargetAttributes = {
					3F1869B12215DD3F00467DA2 = {
						CreatedOnToolsVersion = 10.0;
					};
					3F1869C52215DD4100467DA2 = {
						CreatedOnToolsVersion = 10.0;
						TestTargetID = 3F1869B12215DD3F00467DA2;
					};
					3F1869D02215DD4100467DA2 = {
						CreatedOnToolsVersion = 10.0;
						TestTargetID = 3F1869B12215DD3F00467DA2;
					};
				};
			};
			buildConfigurationList = 3F1869AD2215DD3F00467DA2 /* Build configuration list for PBXProject "The ArithMETic App" */;
			compatibilityVersion = "Xcode 9.3";
			developmentRegion = en;
			hasScannedForEncodings = 0;
			knownRegions = (
				en,
				Base,
			);
			mainGroup = 3F1869A92215DD3F00467DA2;
			productRefGroup = 3F1869B32215DD3F00467DA2 /* Products */;
			projectDirPath = "";
			projectRoot = "";
			targets = (
				3F1869B12215DD3F00467DA2 /* The ArithMETic App */,
				3F1869C52215DD4100467DA2 /* The ArithMETic AppTests */,
				3F1869D02215DD4100467DA2 /* The ArithMETic AppUITests */,
			);
		};
/* End PBXProject section */

/* Begin PBXResourcesBuildPhase section */
		3F1869B02215DD3F00467DA2 /* Resources */ = {
			isa = PBXResourcesBuildPhase;
			buildActionMask = 2147483647;
			files = (
				3F1869C02215DD4100467DA2 /* LaunchScreen.storyboard in Resources */,
				3F1869BD2215DD4100467DA2 /* Assets.xcassets in Resources */,
				3F1869BB2215DD3F00467DA2 /* Main.storyboard in Resources */,
			);
			runOnlyForDeploymentPostprocessing = 0;
		};
		3F1869C42215DD4100467DA2 /* Resources */ = {
			isa = PBXResourcesBuildPhase;
			buildActionMask = 2147483647;
			files = (
			);
			runOnlyForDeploymentPostprocessing = 0;
		};
		3F1869CF2215DD4100467DA2 /* Resources */ = {
			isa = PBXResourcesBuildPhase;
			buildActionMask = 2147483647;
			files = (
			);
			runOnlyForDeploymentPostprocessing = 0;
		};
/* End PBXResourcesBuildPhase section */

/* Begin PBXSourcesBuildPhase section */
		3F1869AE2215DD3F00467DA2 /* Sources */ = {
			isa = PBXSourcesBuildPhase;
			buildActionMask = 2147483647;
			files = (
				3F1869B82215DD3F00467DA2 /* ViewController.swift in Sources */,
				3F1869B62215DD3F00467DA2 /* AppDelegate.swift in Sources */,
			);
			runOnlyForDeploymentPostprocessing = 0;
		};
		3F1869C22215DD4100467DA2 /* Sources */ = {
			isa = PBXSourcesBuildPhase;
			buildActionMask = 2147483647;
			files = (
				3F1869CB2215DD4100467DA2 /* The_ArithMETic_AppTests.swift in Sources */,
			);
			runOnlyForDeploymentPostprocessing = 0;
		};
		3F1869CD2215DD4100467DA2 /* Sources */ = {
			isa = PBXSourcesBuildPhase;
			buildActionMask = 2147483647;
			files = (
				3F1869D62215DD4100467DA2 /* The_ArithMETic_AppUITests.swift in Sources */,
			);
			runOnlyForDeploymentPostprocessing = 0;
		};
/* End PBXSourcesBuildPhase section */

/* Begin PBXTargetDependency section */
		3F1869C82215DD4100467DA2 /* PBXTargetDependency */ = {
			isa = PBXTargetDependency;
			target = 3F1869B12215DD3F00467DA2 /* The ArithMETic App */;
			targetProxy = 3F1869C72215DD4100467DA2 /* PBXContainerItemProxy */;
		};
		3F1869D32215DD4100467DA2 /* PBXTargetDependency */ = {
			isa = PBXTargetDependency;
			target = 3F1869B12215DD3F00467DA2 /* The ArithMETic App */;
			targetProxy = 3F1869D22215DD4100467DA2 /* PBXContainerItemProxy */;
		};
/* End PBXTargetDependency section */

/* Begin PBXVariantGroup section */
		3F1869B92215DD3F00467DA2 /* Main.storyboard */ = {
			isa = PBXVariantGroup;
			children = (
				3F1869BA2215DD3F00467DA2 /* Base */,
			);
			name = Main.storyboard;
			sourceTree = "<group>";
		};
		3F1869BE2215DD4100467DA2 /* LaunchScreen.storyboard */ = {
			isa = PBXVariantGroup;
			children = (
				3F1869BF2215DD4100467DA2 /* Base */,
			);
			name = LaunchScreen.storyboard;
			sourceTree = "<group>";
		};
/* End PBXVariantGroup section */

/* Begin XCBuildConfiguration section */
		3F1869D82215DD4100467DA2 /* Debug */ = {
			isa = XCBuildConfiguration;
			buildSettings = {
				ALWAYS_SEARCH_USER_PATHS = NO;
				CLANG_ANALYZER_NONNULL = YES;
				CLANG_ANALYZER_NUMBER_OBJECT_CONVERSION = YES_AGGRESSIVE;
				CLANG_CXX_LANGUAGE_STANDARD = "gnu++14";
				CLANG_CXX_LIBRARY = "libc++";
				CLANG_ENABLE_MODULES = YES;
				CLANG_ENABLE_OBJC_ARC = YES;
				CLANG_ENABLE_OBJC_WEAK = YES;
				CLANG_WARN_BLOCK_CAPTURE_AUTORELEASING = YES;
				CLANG_WARN_BOOL_CONVERSION = YES;
				CLANG_WARN_COMMA = YES;
				CLANG_WARN_CONSTANT_CONVERSION = YES;
				CLANG_WARN_DEPRECATED_OBJC_IMPLEMENTATIONS = YES;
				CLANG_WARN_DIRECT_OBJC_ISA_USAGE = YES_ERROR;
				CLANG_WARN_DOCUMENTATION_COMMENTS = YES;
				CLANG_WARN_EMPTY_BODY = YES;
				CLANG_WARN_ENUM_CONVERSION = YES;
				CLANG_WARN_INFINITE_RECURSION = YES;
				CLANG_WARN_INT_CONVERSION = YES;
				CLANG_WARN_NON_LITERAL_NULL_CONVERSION = YES;
				CLANG_WARN_OBJC_IMPLICIT_RETAIN_SELF = YES;
				CLANG_WARN_OBJC_LITERAL_CONVERSION = YES;
				CLANG_WARN_OBJC_ROOT_CLASS = YES_ERROR;
				CLANG_WARN_RANGE_LOOP_ANALYSIS = YES;
				CLANG_WARN_STRICT_PROTOTYPES = YES;
				CLANG_WARN_SUSPICIOUS_MOVE = YES;
				CLANG_WARN_UNGUARDED_AVAILABILITY = YES_AGGRESSIVE;
				CLANG_WARN_UNREACHABLE_CODE = YES;
				CLANG_WARN__DUPLICATE_METHOD_MATCH = YES;
				CODE_SIGN_IDENTITY = "iPhone Developer";
				COPY_PHASE_STRIP = NO;
				DEBUG_INFORMATION_FORMAT = dwarf;
				ENABLE_STRICT_OBJC_MSGSEND = YES;
				ENABLE_TESTABILITY = YES;
				GCC_C_LANGUAGE_STANDARD = gnu11;
				GCC_DYNAMIC_NO_PIC = NO;
				GCC_NO_COMMON_BLOCKS = YES;
				GCC_OPTIMIZATION_LEVEL = 0;
				GCC_PREPROCESSOR_DEFINITIONS = (
					"DEBUG=1",
					"$(inherited)",
				);
				GCC_WARN_64_TO_32_BIT_CONVERSION = YES;
				GCC_WARN_ABOUT_RETURN_TYPE = YES_ERROR;
				GCC_WARN_UNDECLARED_SELECTOR = YES;
				GCC_WARN_UNINITIALIZED_AUTOS = YES_AGGRESSIVE;
				GCC_WARN_UNUSED_FUNCTION = YES;
				GCC_WARN_UNUSED_VARIABLE = YES;
				IPHONEOS_DEPLOYMENT_TARGET = 12.0;
				MTL_ENABLE_DEBUG_INFO = INCLUDE_SOURCE;
				MTL_FAST_MATH = YES;
				ONLY_ACTIVE_ARCH = YES;
				SDKROOT = iphoneos;
				SWIFT_ACTIVE_COMPILATION_CONDITIONS = DEBUG;
				SWIFT_OPTIMIZATION_LEVEL = "-Onone";
			};
			name = Debug;
		};
		3F1869D92215DD4100467DA2 /* Release */ = {
			isa = XCBuildConfiguration;
			buildSettings = {
				ALWAYS_SEARCH_USER_PATHS = NO;
				CLANG_ANALYZER_NONNULL = YES;
				CLANG_ANALYZER_NUMBER_OBJECT_CONVERSION = YES_AGGRESSIVE;
				CLANG_CXX_LANGUAGE_STANDARD = "gnu++14";
				CLANG_CXX_LIBRARY = "libc++";
				CLANG_ENABLE_MODULES = YES;
				CLANG_ENABLE_OBJC_ARC = YES;
				CLANG_ENABLE_OBJC_WEAK = YES;
				CLANG_WARN_BLOCK_CAPTURE_AUTORELEASING = YES;
				CLANG_WARN_BOOL_CONVERSION = YES;
				CLANG_WARN_COMMA = YES;
				CLANG_WARN_CONSTANT_CONVERSION = YES;
				CLANG_WARN_DEPRECATED_OBJC_IMPLEMENTATIONS = YES;
				CLANG_WARN_DIRECT_OBJC_ISA_USAGE = YES_ERROR;
				CLANG_WARN_DOCUMENTATION_COMMENTS = YES;
				CLANG_WARN_EMPTY_BODY = YES;
				CLANG_WARN_ENUM_CONVERSION = YES;
				CLANG_WARN_INFINITE_RECURSION = YES;
				CLANG_WARN_INT_CONVERSION = YES;
				CLANG_WARN_NON_LITERAL_NULL_CONVERSION = YES;
				CLANG_WARN_OBJC_IMPLICIT_RETAIN_SELF = YES;
				CLANG_WARN_OBJC_LITERAL_CONVERSION = YES;
				CLANG_WARN_OBJC_ROOT_CLASS = YES_ERROR;
				CLANG_WARN_RANGE_LOOP_ANALYSIS = YES;
				CLANG_WARN_STRICT_PROTOTYPES = YES;
				CLANG_WARN_SUSPICIOUS_MOVE = YES;
				CLANG_WARN_UNGUARDED_AVAILABILITY = YES_AGGRESSIVE;
				CLANG_WARN_UNREACHABLE_CODE = YES;
				CLANG_WARN__DUPLICATE_METHOD_MATCH = YES;
				CODE_SIGN_IDENTITY = "iPhone Developer";
				COPY_PHASE_STRIP = NO;
				DEBUG_INFORMATION_FORMAT = "dwarf-with-dsym";
				ENABLE_NS_ASSERTIONS = NO;
				ENABLE_STRICT_OBJC_MSGSEND = YES;
				GCC_C_LANGUAGE_STANDARD = gnu11;
				GCC_NO_COMMON_BLOCKS = YES;
				GCC_WARN_64_TO_32_BIT_CONVERSION = YES;
				GCC_WARN_ABOUT_RETURN_TYPE = YES_ERROR;
				GCC_WARN_UNDECLARED_SELECTOR = YES;
				GCC_WARN_UNINITIALIZED_AUTOS = YES_AGGRESSIVE;
				GCC_WARN_UNUSED_FUNCTION = YES;
				GCC_WARN_UNUSED_VARIABLE = YES;
				IPHONEOS_DEPLOYMENT_TARGET = 12.0;
				MTL_ENABLE_DEBUG_INFO = NO;
				MTL_FAST_MATH = YES;
				SDKROOT = iphoneos;
				SWIFT_COMPILATION_MODE = wholemodule;
				SWIFT_OPTIMIZATION_LEVEL = "-O";
				VALIDATE_PRODUCT = YES;
			};
			name = Release;
		};
		3F1869DB2215DD4100467DA2 /* Debug */ = {
			isa = XCBuildConfiguration;
			buildSettings = {
				ASSETCATALOG_COMPILER_APPICON_NAME = AppIcon;
				CODE_SIGN_STYLE = Automatic;
				INFOPLIST_FILE = "The ArithMETic App/Info.plist";
				LD_RUNPATH_SEARCH_PATHS = (
					"$(inherited)",
					"@executable_path/Frameworks",
				);
				PRODUCT_BUNDLE_IDENTIFIER = "Northwest-State-University-of-Missouri.The-ArithMETic-App";
				PRODUCT_NAME = "$(TARGET_NAME)";
				SWIFT_VERSION = 4.2;
				TARGETED_DEVICE_FAMILY = "1,2";
			};
			name = Debug;
		};
		3F1869DC2215DD4100467DA2 /* Release */ = {
			isa = XCBuildConfiguration;
			buildSettings = {
				ASSETCATALOG_COMPILER_APPICON_NAME = AppIcon;
				CODE_SIGN_STYLE = Automatic;
				INFOPLIST_FILE = "The ArithMETic App/Info.plist";
				LD_RUNPATH_SEARCH_PATHS = (
					"$(inherited)",
					"@executable_path/Frameworks",
				);
				PRODUCT_BUNDLE_IDENTIFIER = "Northwest-State-University-of-Missouri.The-ArithMETic-App";
				PRODUCT_NAME = "$(TARGET_NAME)";
				SWIFT_VERSION = 4.2;
				TARGETED_DEVICE_FAMILY = "1,2";
			};
			name = Release;
		};
		3F1869DE2215DD4100467DA2 /* Debug */ = {
			isa = XCBuildConfiguration;
			buildSettings = {
				ALWAYS_EMBED_SWIFT_STANDARD_LIBRARIES = YES;
				BUNDLE_LOADER = "$(TEST_HOST)";
				CODE_SIGN_STYLE = Automatic;
				INFOPLIST_FILE = "The ArithMETic AppTests/Info.plist";
				LD_RUNPATH_SEARCH_PATHS = (
					"$(inherited)",
					"@executable_path/Frameworks",
					"@loader_path/Frameworks",
				);
				PRODUCT_BUNDLE_IDENTIFIER = "Northwest-State-University-of-Missouri.The-ArithMETic-AppTests";
				PRODUCT_NAME = "$(TARGET_NAME)";
				SWIFT_VERSION = 4.2;
				TARGETED_DEVICE_FAMILY = "1,2";
				TEST_HOST = "$(BUILT_PRODUCTS_DIR)/The ArithMETic App.app/The ArithMETic App";
			};
			name = Debug;
		};
		3F1869DF2215DD4100467DA2 /* Release */ = {
			isa = XCBuildConfiguration;
			buildSettings = {
				ALWAYS_EMBED_SWIFT_STANDARD_LIBRARIES = YES;
				BUNDLE_LOADER = "$(TEST_HOST)";
				CODE_SIGN_STYLE = Automatic;
				INFOPLIST_FILE = "The ArithMETic AppTests/Info.plist";
				LD_RUNPATH_SEARCH_PATHS = (
					"$(inherited)",
					"@executable_path/Frameworks",
					"@loader_path/Frameworks",
				);
				PRODUCT_BUNDLE_IDENTIFIER = "Northwest-State-University-of-Missouri.The-ArithMETic-AppTests";
				PRODUCT_NAME = "$(TARGET_NAME)";
				SWIFT_VERSION = 4.2;
				TARGETED_DEVICE_FAMILY = "1,2";
				TEST_HOST = "$(BUILT_PRODUCTS_DIR)/The ArithMETic App.app/The ArithMETic App";
			};
			name = Release;
		};
		3F1869E12215DD4100467DA2 /* Debug */ = {
			isa = XCBuildConfiguration;
			buildSettings = {
				ALWAYS_EMBED_SWIFT_STANDARD_LIBRARIES = YES;
				CODE_SIGN_STYLE = Automatic;
				INFOPLIST_FILE = "The ArithMETic AppUITests/Info.plist";
				LD_RUNPATH_SEARCH_PATHS = (
					"$(inherited)",
					"@executable_path/Frameworks",
					"@loader_path/Frameworks",
				);
				PRODUCT_BUNDLE_IDENTIFIER = "Northwest-State-University-of-Missouri.The-ArithMETic-AppUITests";
				PRODUCT_NAME = "$(TARGET_NAME)";
				SWIFT_VERSION = 4.2;
				TARGETED_DEVICE_FAMILY = "1,2";
				TEST_TARGET_NAME = "The ArithMETic App";
			};
			name = Debug;
		};
		3F1869E22215DD4100467DA2 /* Release */ = {
			isa = XCBuildConfiguration;
			buildSettings = {
				ALWAYS_EMBED_SWIFT_STANDARD_LIBRARIES = YES;
				CODE_SIGN_STYLE = Automatic;
				INFOPLIST_FILE = "The ArithMETic AppUITests/Info.plist";
				LD_RUNPATH_SEARCH_PATHS = (
					"$(inherited)",
					"@executable_path/Frameworks",
					"@loader_path/Frameworks",
				);
				PRODUCT_BUNDLE_IDENTIFIER = "Northwest-State-University-of-Missouri.The-ArithMETic-AppUITests";
				PRODUCT_NAME = "$(TARGET_NAME)";
				SWIFT_VERSION = 4.2;
				TARGETED_DEVICE_FAMILY = "1,2";
				TEST_TARGET_NAME = "The ArithMETic App";
			};
			name = Release;
		};
/* End XCBuildConfiguration section */

/* Begin XCConfigurationList section */
		3F1869AD2215DD3F00467DA2 /* Build configuration list for PBXProject "The ArithMETic App" */ = {
			isa = XCConfigurationList;
			buildConfigurations = (
				3F1869D82215DD4100467DA2 /* Debug */,
				3F1869D92215DD4100467DA2 /* Release */,
			);
			defaultConfigurationIsVisible = 0;
			defaultConfigurationName = Release;
		};
		3F1869DA2215DD4100467DA2 /* Build configuration list for PBXNativeTarget "The ArithMETic App" */ = {
			isa = XCConfigurationList;
			buildConfigurations = (
				3F1869DB2215DD4100467DA2 /* Debug */,
				3F1869DC2215DD4100467DA2 /* Release */,
			);
			defaultConfigurationIsVisible = 0;
			defaultConfigurationName = Release;
		};
		3F1869DD2215DD4100467DA2 /* Build configuration list for PBXNativeTarget "The ArithMETic AppTests" */ = {
			isa = XCConfigurationList;
			buildConfigurations = (
				3F1869DE2215DD4100467DA2 /* Debug */,
				3F1869DF2215DD4100467DA2 /* Release */,
			);
			defaultConfigurationIsVisible = 0;
			defaultConfigurationName = Release;
		};
		3F1869E02215DD4100467DA2 /* Build configuration list for PBXNativeTarget "The ArithMETic AppUITests" */ = {
			isa = XCConfigurationList;
			buildConfigurations = (
				3F1869E12215DD4100467DA2 /* Debug */,
				3F1869E22215DD4100467DA2 /* Release */,
			);
			defaultConfigurationIsVisible = 0;
			defaultConfigurationName = Release;
		};
/* End XCConfigurationList section */
	};
	rootObject = 3F1869AA2215DD3F00467DA2 /* Project object */;
}
